
Microsoft Visual Studio Solution File, Format Version 12.00
# Visual Studio Version 17
VisualStudioVersion = 17.7.34024.191
MinimumVisualStudioVersion = 10.0.40219.1
Project("{9A19103F-16F7-4668-BE54-9A1E7A4F7556}") = "Task#1", "Task#1\Task#1.csproj", "{5186B9B4-8829-46C0-A4C9-A51970919D4C}"
EndProject
Project("{FAE04EC0-301F-11D3-BF4B-00C04F79EFBC}") = "Task#2", "Task#2\Task#2.csproj", "{82F2C060-6A44-43ED-B4F8-DF8F319623F5}"
EndProject
Global
	GlobalSection(SolutionConfigurationPlatforms) = preSolution
		Debug|Any CPU = Debug|Any CPU
		Release|Any CPU = Release|Any CPU
	EndGlobalSection
	GlobalSection(ProjectConfigurationPlatforms) = postSolution
		{5186B9B4-8829-46C0-A4C9-A51970919D4C}.Debug|Any CPU.ActiveCfg = Debug|Any CPU
		{5186B9B4-8829-46C0-A4C9-A51970919D4C}.Debug|Any CPU.Build.0 = Debug|Any CPU
		{5186B9B4-8829-46C0-A4C9-A51970919D4C}.Release|Any CPU.ActiveCfg = Release|Any CPU
		{5186B9B4-8829-46C0-A4C9-A51970919D4C}.Release|Any CPU.Build.0 = Release|Any CPU
		{82F2C060-6A44-43ED-B4F8-DF8F319623F5}.Debug|Any CPU.ActiveCfg = Debug|Any CPU
		{82F2C060-6A44-43ED-B4F8-DF8F319623F5}.Debug|Any CPU.Build.0 = Debug|Any CPU
		{82F2C060-6A44-43ED-B4F8-DF8F319623F5}.Release|Any CPU.ActiveCfg = Release|Any CPU
		{82F2C060-6A44-43ED-B4F8-DF8F319623F5}.Release|Any CPU.Build.0 = Release|Any CPU
	EndGlobalSection
	GlobalSection(SolutionProperties) = preSolution
		HideSolutionNode = FALSE
	EndGlobalSection
	GlobalSection(ExtensibilityGlobals) = postSolution
		SolutionGuid = {BF78E25C-5EAF-43DE-A216-E10E8174D093}
	EndGlobalSection
EndGlobal
